
Microsoft Visual Studio Solution File, Format Version 12.00
# Visual Studio Version 17
VisualStudioVersion = 17.2.32616.157
MinimumVisualStudioVersion = 10.0.40219.1
Project("{FAE04EC0-301F-11D3-BF4B-00C04F79EFBC}") = "015 - Nota com while", "015 - Nota com while\015 - Nota com while.csproj", "{AB8A4231-C0E2-420C-85A9-F990967D69C0}"
EndProject
Global
	GlobalSection(SolutionConfigurationPlatforms) = preSolution
		Debug|Any CPU = Debug|Any CPU
		Release|Any CPU = Release|Any CPU
	EndGlobalSection
	GlobalSection(ProjectConfigurationPlatforms) = postSolution
		{AB8A4231-C0E2-420C-85A9-F990967D69C0}.Debug|Any CPU.ActiveCfg = Debug|Any CPU
		{AB8A4231-C0E2-420C-85A9-F990967D69C0}.Debug|Any CPU.Build.0 = Debug|Any CPU
		{AB8A4231-C0E2-420C-85A9-F990967D69C0}.Release|Any CPU.ActiveCfg = Release|Any CPU
		{AB8A4231-C0E2-420C-85A9-F990967D69C0}.Release|Any CPU.Build.0 = Release|Any CPU
	EndGlobalSection
	GlobalSection(SolutionProperties) = preSolution
		HideSolutionNode = FALSE
	EndGlobalSection
	GlobalSection(ExtensibilityGlobals) = postSolution
		SolutionGuid = {CBA943F3-C294-4568-9F0A-0D6896A653E0}
	EndGlobalSection
EndGlobal
