
Microsoft Visual Studio Solution File, Format Version 12.00
# Visual Studio Version 17
VisualStudioVersion = 17.2.32526.322
MinimumVisualStudioVersion = 10.0.40219.1
Project("{FAE04EC0-301F-11D3-BF4B-00C04F79EFBC}") = "004 - 100 Primeiros numeros impares com for", "004 - 100 Primeiros numeros impares com for\004 - 100 Primeiros numeros impares com for.csproj", "{1E3F080D-7C9B-49D4-841F-AB007EAAA794}"
EndProject
Global
	GlobalSection(SolutionConfigurationPlatforms) = preSolution
		Debug|Any CPU = Debug|Any CPU
		Release|Any CPU = Release|Any CPU
	EndGlobalSection
	GlobalSection(ProjectConfigurationPlatforms) = postSolution
		{1E3F080D-7C9B-49D4-841F-AB007EAAA794}.Debug|Any CPU.ActiveCfg = Debug|Any CPU
		{1E3F080D-7C9B-49D4-841F-AB007EAAA794}.Debug|Any CPU.Build.0 = Debug|Any CPU
		{1E3F080D-7C9B-49D4-841F-AB007EAAA794}.Release|Any CPU.ActiveCfg = Release|Any CPU
		{1E3F080D-7C9B-49D4-841F-AB007EAAA794}.Release|Any CPU.Build.0 = Release|Any CPU
	EndGlobalSection
	GlobalSection(SolutionProperties) = preSolution
		HideSolutionNode = FALSE
	EndGlobalSection
	GlobalSection(ExtensibilityGlobals) = postSolution
		SolutionGuid = {6CCFCF5E-5037-4B1A-A221-189F1C8F130B}
	EndGlobalSection
EndGlobal
