
Microsoft Visual Studio Solution File, Format Version 12.00
# Visual Studio Version 17
VisualStudioVersion = 17.3.32929.385
MinimumVisualStudioVersion = 10.0.40219.1
Project("{FAE04EC0-301F-11D3-BF4B-00C04F79EFBC}") = "033 - Vetor mostre as notas e a média na tela", "033 - Vetor mostre as notas e a média na tela\033 - Vetor mostre as notas e a média na tela.csproj", "{F8B7DC36-9540-46CF-8FFA-30859759483E}"
EndProject
Global
	GlobalSection(SolutionConfigurationPlatforms) = preSolution
		Debug|Any CPU = Debug|Any CPU
		Release|Any CPU = Release|Any CPU
	EndGlobalSection
	GlobalSection(ProjectConfigurationPlatforms) = postSolution
		{F8B7DC36-9540-46CF-8FFA-30859759483E}.Debug|Any CPU.ActiveCfg = Debug|Any CPU
		{F8B7DC36-9540-46CF-8FFA-30859759483E}.Debug|Any CPU.Build.0 = Debug|Any CPU
		{F8B7DC36-9540-46CF-8FFA-30859759483E}.Release|Any CPU.ActiveCfg = Release|Any CPU
		{F8B7DC36-9540-46CF-8FFA-30859759483E}.Release|Any CPU.Build.0 = Release|Any CPU
	EndGlobalSection
	GlobalSection(SolutionProperties) = preSolution
		HideSolutionNode = FALSE
	EndGlobalSection
	GlobalSection(ExtensibilityGlobals) = postSolution
		SolutionGuid = {D4687B74-1D1B-4444-A8EB-01F7FF1C0A0D}
	EndGlobalSection
EndGlobal
