
Microsoft Visual Studio Solution File, Format Version 12.00
# Visual Studio Version 17
VisualStudioVersion = 17.3.32929.385
MinimumVisualStudioVersion = 10.0.40219.1
Project("{FAE04EC0-301F-11D3-BF4B-00C04F79EFBC}") = "020 - Valide as seguintes informações", "020 - Valide as seguintes informações\020 - Valide as seguintes informações.csproj", "{C246C657-9A56-46AE-A4C5-A50C4F1169D3}"
EndProject
Global
	GlobalSection(SolutionConfigurationPlatforms) = preSolution
		Debug|Any CPU = Debug|Any CPU
		Release|Any CPU = Release|Any CPU
	EndGlobalSection
	GlobalSection(ProjectConfigurationPlatforms) = postSolution
		{C246C657-9A56-46AE-A4C5-A50C4F1169D3}.Debug|Any CPU.ActiveCfg = Debug|Any CPU
		{C246C657-9A56-46AE-A4C5-A50C4F1169D3}.Debug|Any CPU.Build.0 = Debug|Any CPU
		{C246C657-9A56-46AE-A4C5-A50C4F1169D3}.Release|Any CPU.ActiveCfg = Release|Any CPU
		{C246C657-9A56-46AE-A4C5-A50C4F1169D3}.Release|Any CPU.Build.0 = Release|Any CPU
	EndGlobalSection
	GlobalSection(SolutionProperties) = preSolution
		HideSolutionNode = FALSE
	EndGlobalSection
	GlobalSection(ExtensibilityGlobals) = postSolution
		SolutionGuid = {A01F4B35-2C5D-4838-81A5-72B459E32A98}
	EndGlobalSection
EndGlobal
