
Microsoft Visual Studio Solution File, Format Version 12.00
# Visual Studio Version 17
VisualStudioVersion = 17.2.32526.322
MinimumVisualStudioVersion = 10.0.40219.1
Project("{FAE04EC0-301F-11D3-BF4B-00C04F79EFBC}") = "001 - 3 Numeros com if", "001 - 3 Numeros com if\001 - 3 Numeros com if.csproj", "{437F4F24-596C-438E-908F-335B5D45A4A4}"
EndProject
Global
	GlobalSection(SolutionConfigurationPlatforms) = preSolution
		Debug|Any CPU = Debug|Any CPU
		Release|Any CPU = Release|Any CPU
	EndGlobalSection
	GlobalSection(ProjectConfigurationPlatforms) = postSolution
		{437F4F24-596C-438E-908F-335B5D45A4A4}.Debug|Any CPU.ActiveCfg = Debug|Any CPU
		{437F4F24-596C-438E-908F-335B5D45A4A4}.Debug|Any CPU.Build.0 = Debug|Any CPU
		{437F4F24-596C-438E-908F-335B5D45A4A4}.Release|Any CPU.ActiveCfg = Release|Any CPU
		{437F4F24-596C-438E-908F-335B5D45A4A4}.Release|Any CPU.Build.0 = Release|Any CPU
	EndGlobalSection
	GlobalSection(SolutionProperties) = preSolution
		HideSolutionNode = FALSE
	EndGlobalSection
	GlobalSection(ExtensibilityGlobals) = postSolution
		SolutionGuid = {AF821793-09BD-4365-93F0-CB26974EEB03}
	EndGlobalSection
EndGlobal
