
Microsoft Visual Studio Solution File, Format Version 12.00
# Visual Studio Version 17
VisualStudioVersion = 17.2.32526.322
MinimumVisualStudioVersion = 10.0.40219.1
Project("{FAE04EC0-301F-11D3-BF4B-00C04F79EFBC}") = "002 - Media do aluno recuperacao com if", "002 - Media do aluno recuperacao com if\002 - Media do aluno recuperacao com if.csproj", "{B67CAAA1-739E-4AEA-BDC9-1269954E075C}"
EndProject
Global
	GlobalSection(SolutionConfigurationPlatforms) = preSolution
		Debug|Any CPU = Debug|Any CPU
		Release|Any CPU = Release|Any CPU
	EndGlobalSection
	GlobalSection(ProjectConfigurationPlatforms) = postSolution
		{B67CAAA1-739E-4AEA-BDC9-1269954E075C}.Debug|Any CPU.ActiveCfg = Debug|Any CPU
		{B67CAAA1-739E-4AEA-BDC9-1269954E075C}.Debug|Any CPU.Build.0 = Debug|Any CPU
		{B67CAAA1-739E-4AEA-BDC9-1269954E075C}.Release|Any CPU.ActiveCfg = Release|Any CPU
		{B67CAAA1-739E-4AEA-BDC9-1269954E075C}.Release|Any CPU.Build.0 = Release|Any CPU
	EndGlobalSection
	GlobalSection(SolutionProperties) = preSolution
		HideSolutionNode = FALSE
	EndGlobalSection
	GlobalSection(ExtensibilityGlobals) = postSolution
		SolutionGuid = {7959BB0C-256D-47D6-8739-E670249A9680}
	EndGlobalSection
EndGlobal
