
Microsoft Visual Studio Solution File, Format Version 12.00
# Visual Studio Version 17
VisualStudioVersion = 17.2.32526.322
MinimumVisualStudioVersion = 10.0.40219.1
Project("{FAE04EC0-301F-11D3-BF4B-00C04F79EFBC}") = "004 - 100 Primeiros numeros impares com while", "004 - 100 Primeiros numeros impares com while\004 - 100 Primeiros numeros impares com while.csproj", "{67991DE6-7EA6-4FE5-A279-617CADA7C439}"
EndProject
Global
	GlobalSection(SolutionConfigurationPlatforms) = preSolution
		Debug|Any CPU = Debug|Any CPU
		Release|Any CPU = Release|Any CPU
	EndGlobalSection
	GlobalSection(ProjectConfigurationPlatforms) = postSolution
		{67991DE6-7EA6-4FE5-A279-617CADA7C439}.Debug|Any CPU.ActiveCfg = Debug|Any CPU
		{67991DE6-7EA6-4FE5-A279-617CADA7C439}.Debug|Any CPU.Build.0 = Debug|Any CPU
		{67991DE6-7EA6-4FE5-A279-617CADA7C439}.Release|Any CPU.ActiveCfg = Release|Any CPU
		{67991DE6-7EA6-4FE5-A279-617CADA7C439}.Release|Any CPU.Build.0 = Release|Any CPU
	EndGlobalSection
	GlobalSection(SolutionProperties) = preSolution
		HideSolutionNode = FALSE
	EndGlobalSection
	GlobalSection(ExtensibilityGlobals) = postSolution
		SolutionGuid = {3F227EA8-E47B-43E6-9432-3BF060075B33}
	EndGlobalSection
EndGlobal
