
Microsoft Visual Studio Solution File, Format Version 12.00
# Visual Studio Version 17
VisualStudioVersion = 17.2.32526.322
MinimumVisualStudioVersion = 10.0.40219.1
Project("{FAE04EC0-301F-11D3-BF4B-00C04F79EFBC}") = "002 - Media recuperacão do aluno com if", "002 - Media recuperacão do aluno com if\002 - Media recuperacão do aluno com if.csproj", "{1E7EAFC5-B31F-4816-98DA-7FD53DD07642}"
EndProject
Global
	GlobalSection(SolutionConfigurationPlatforms) = preSolution
		Debug|Any CPU = Debug|Any CPU
		Release|Any CPU = Release|Any CPU
	EndGlobalSection
	GlobalSection(ProjectConfigurationPlatforms) = postSolution
		{1E7EAFC5-B31F-4816-98DA-7FD53DD07642}.Debug|Any CPU.ActiveCfg = Debug|Any CPU
		{1E7EAFC5-B31F-4816-98DA-7FD53DD07642}.Debug|Any CPU.Build.0 = Debug|Any CPU
		{1E7EAFC5-B31F-4816-98DA-7FD53DD07642}.Release|Any CPU.ActiveCfg = Release|Any CPU
		{1E7EAFC5-B31F-4816-98DA-7FD53DD07642}.Release|Any CPU.Build.0 = Release|Any CPU
	EndGlobalSection
	GlobalSection(SolutionProperties) = preSolution
		HideSolutionNode = FALSE
	EndGlobalSection
	GlobalSection(ExtensibilityGlobals) = postSolution
		SolutionGuid = {7378349B-2017-469D-A366-6261D38DC55E}
	EndGlobalSection
EndGlobal
