
Microsoft Visual Studio Solution File, Format Version 12.00
# Visual Studio Version 17
VisualStudioVersion = 17.2.32526.322
MinimumVisualStudioVersion = 10.0.40219.1
Project("{FAE04EC0-301F-11D3-BF4B-00C04F79EFBC}") = "013 - Conta banco com switch", "013 - Conta banco com switch\013 - Conta banco com switch.csproj", "{C2FADAF2-047D-428A-90F0-8C4ECBB6ECC4}"
EndProject
Global
	GlobalSection(SolutionConfigurationPlatforms) = preSolution
		Debug|Any CPU = Debug|Any CPU
		Release|Any CPU = Release|Any CPU
	EndGlobalSection
	GlobalSection(ProjectConfigurationPlatforms) = postSolution
		{C2FADAF2-047D-428A-90F0-8C4ECBB6ECC4}.Debug|Any CPU.ActiveCfg = Debug|Any CPU
		{C2FADAF2-047D-428A-90F0-8C4ECBB6ECC4}.Debug|Any CPU.Build.0 = Debug|Any CPU
		{C2FADAF2-047D-428A-90F0-8C4ECBB6ECC4}.Release|Any CPU.ActiveCfg = Release|Any CPU
		{C2FADAF2-047D-428A-90F0-8C4ECBB6ECC4}.Release|Any CPU.Build.0 = Release|Any CPU
	EndGlobalSection
	GlobalSection(SolutionProperties) = preSolution
		HideSolutionNode = FALSE
	EndGlobalSection
	GlobalSection(ExtensibilityGlobals) = postSolution
		SolutionGuid = {2046F9C4-E19E-4A03-8C9F-10758F3560C2}
	EndGlobalSection
EndGlobal
