
Microsoft Visual Studio Solution File, Format Version 12.00
# Visual Studio Version 17
VisualStudioVersion = 17.2.32616.157
MinimumVisualStudioVersion = 10.0.40219.1
Project("{FAE04EC0-301F-11D3-BF4B-00C04F79EFBC}") = "016 - Maior numero e media com do while", "016 - Maior numero e media com do while\016 - Maior numero e media com do while.csproj", "{18E0F753-78E7-4918-81EA-766F99381F3E}"
EndProject
Global
	GlobalSection(SolutionConfigurationPlatforms) = preSolution
		Debug|Any CPU = Debug|Any CPU
		Release|Any CPU = Release|Any CPU
	EndGlobalSection
	GlobalSection(ProjectConfigurationPlatforms) = postSolution
		{18E0F753-78E7-4918-81EA-766F99381F3E}.Debug|Any CPU.ActiveCfg = Debug|Any CPU
		{18E0F753-78E7-4918-81EA-766F99381F3E}.Debug|Any CPU.Build.0 = Debug|Any CPU
		{18E0F753-78E7-4918-81EA-766F99381F3E}.Release|Any CPU.ActiveCfg = Release|Any CPU
		{18E0F753-78E7-4918-81EA-766F99381F3E}.Release|Any CPU.Build.0 = Release|Any CPU
	EndGlobalSection
	GlobalSection(SolutionProperties) = preSolution
		HideSolutionNode = FALSE
	EndGlobalSection
	GlobalSection(ExtensibilityGlobals) = postSolution
		SolutionGuid = {80DB6479-064D-418E-B86E-DECAF503A720}
	EndGlobalSection
EndGlobal
