
Microsoft Visual Studio Solution File, Format Version 12.00
# Visual Studio Version 17
VisualStudioVersion = 17.3.32929.385
MinimumVisualStudioVersion = 10.0.40219.1
Project("{FAE04EC0-301F-11D3-BF4B-00C04F79EFBC}") = "023 - Ler 5 números dizer soma e média", "023 - Ler 5 números dizer soma e média\023 - Ler 5 números dizer soma e média.csproj", "{D3F87F9A-8088-40A1-A4D8-985C2EC89CD7}"
EndProject
Global
	GlobalSection(SolutionConfigurationPlatforms) = preSolution
		Debug|Any CPU = Debug|Any CPU
		Release|Any CPU = Release|Any CPU
	EndGlobalSection
	GlobalSection(ProjectConfigurationPlatforms) = postSolution
		{D3F87F9A-8088-40A1-A4D8-985C2EC89CD7}.Debug|Any CPU.ActiveCfg = Debug|Any CPU
		{D3F87F9A-8088-40A1-A4D8-985C2EC89CD7}.Debug|Any CPU.Build.0 = Debug|Any CPU
		{D3F87F9A-8088-40A1-A4D8-985C2EC89CD7}.Release|Any CPU.ActiveCfg = Release|Any CPU
		{D3F87F9A-8088-40A1-A4D8-985C2EC89CD7}.Release|Any CPU.Build.0 = Release|Any CPU
	EndGlobalSection
	GlobalSection(SolutionProperties) = preSolution
		HideSolutionNode = FALSE
	EndGlobalSection
	GlobalSection(ExtensibilityGlobals) = postSolution
		SolutionGuid = {37D57646-7C04-44C2-8BED-AC55FC157B4E}
	EndGlobalSection
EndGlobal
